<Solution>
  <Folder Name="/src/">
    <Project Path="src/AIHubRouter.Browser/AIHubRouter.Browser.csproj" />
    <Project Path="src/AIHubRouter.Cli/AIHubRouter.Cli.csproj" />
    <Project Path="src/AIHubRouter.Core/AIHubRouter.Core.csproj" />
    <Project Path="src/AIHubRouter.Desktop/AIHubRouter.Desktop.csproj" />
    <Project Path="src/AIHubRouter.Web/AIHubRouter.Web.csproj" />
  </Folder>
  <Folder Name="/tests/">
    <Project Path="tests/AIHubRouter.Core.Tests/AIHubRouter.Core.Tests.csproj" />
  </Folder>
</Solution>
