
Microsoft Visual Studio Solution File, Format Version 12.00
# Visual Studio Version 17
VisualStudioVersion = 17.0.31903.59
MinimumVisualStudioVersion = 10.0.40219.1
Project("{2150E333-8FDC-42A3-9474-1A3956D46DE8}") = "src", "src", "{827E0CD3-B72D-47B6-A68D-7590B98EB39B}"
EndProject
Project("{FAE04EC0-301F-11D3-BF4B-00C04F79EFBC}") = "AIHubRouter.Core", "src\AIHubRouter.Core\AIHubRouter.Core.csproj", "{0A3C3ED2-A877-4FFC-B04F-6DDE7D72A52C}"
EndProject
Project("{FAE04EC0-301F-11D3-BF4B-00C04F79EFBC}") = "AIHubRouter.Browser", "src\AIHubRouter.Browser\AIHubRouter.Browser.csproj", "{BC7F25CF-1CEB-4225-AC8D-DD2A45F78494}"
EndProject
Project("{FAE04EC0-301F-11D3-BF4B-00C04F79EFBC}") = "AIHubRouter.Cli", "src\AIHubRouter.Cli\AIHubRouter.Cli.csproj", "{7720013B-A333-4FAA-BDFC-072EAF1784C3}"
EndProject
Project("{FAE04EC0-301F-11D3-BF4B-00C04F79EFBC}") = "AIHubRouter.Desktop", "src\AIHubRouter.Desktop\AIHubRouter.Desktop.csproj", "{9BA16D9A-D928-4121-B239-913837262EA2}"
EndProject
Project("{FAE04EC0-301F-11D3-BF4B-00C04F79EFBC}") = "AIHubRouter.Web", "src\AIHubRouter.Web\AIHubRouter.Web.csproj", "{4D3B188E-9C48-47D7-A1E2-6F6E6225CC2A}"
EndProject
Project("{2150E333-8FDC-42A3-9474-1A3956D46DE8}") = "tests", "tests", "{0AB3BF05-4346-4AA6-1389-037BE0695223}"
EndProject
Project("{FAE04EC0-301F-11D3-BF4B-00C04F79EFBC}") = "AIHubRouter.Core.Tests", "tests\AIHubRouter.Core.Tests\AIHubRouter.Core.Tests.csproj", "{E0AB587C-3B1A-4F75-A961-AEB6562A74D0}"
EndProject
Global
	GlobalSection(SolutionConfigurationPlatforms) = preSolution
		Debug|Any CPU = Debug|Any CPU
		Debug|x64 = Debug|x64
		Debug|x86 = Debug|x86
		Release|Any CPU = Release|Any CPU
		Release|x64 = Release|x64
		Release|x86 = Release|x86
	EndGlobalSection
	GlobalSection(ProjectConfigurationPlatforms) = postSolution
		{0A3C3ED2-A877-4FFC-B04F-6DDE7D72A52C}.Debug|Any CPU.ActiveCfg = Debug|Any CPU
		{0A3C3ED2-A877-4FFC-B04F-6DDE7D72A52C}.Debug|Any CPU.Build.0 = Debug|Any CPU
		{0A3C3ED2-A877-4FFC-B04F-6DDE7D72A52C}.Debug|x64.ActiveCfg = Debug|Any CPU
		{0A3C3ED2-A877-4FFC-B04F-6DDE7D72A52C}.Debug|x64.Build.0 = Debug|Any CPU
		{0A3C3ED2-A877-4FFC-B04F-6DDE7D72A52C}.Debug|x86.ActiveCfg = Debug|Any CPU
		{0A3C3ED2-A877-4FFC-B04F-6DDE7D72A52C}.Debug|x86.Build.0 = Debug|Any CPU
		{0A3C3ED2-A877-4FFC-B04F-6DDE7D72A52C}.Release|Any CPU.ActiveCfg = Release|Any CPU
		{0A3C3ED2-A877-4FFC-B04F-6DDE7D72A52C}.Release|Any CPU.Build.0 = Release|Any CPU
		{0A3C3ED2-A877-4FFC-B04F-6DDE7D72A52C}.Release|x64.ActiveCfg = Release|Any CPU
		{0A3C3ED2-A877-4FFC-B04F-6DDE7D72A52C}.Release|x64.Build.0 = Release|Any CPU
		{0A3C3ED2-A877-4FFC-B04F-6DDE7D72A52C}.Release|x86.ActiveCfg = Release|Any CPU
		{0A3C3ED2-A877-4FFC-B04F-6DDE7D72A52C}.Release|x86.Build.0 = Release|Any CPU
		{BC7F25CF-1CEB-4225-AC8D-DD2A45F78494}.Debug|Any CPU.ActiveCfg = Debug|Any CPU
		{BC7F25CF-1CEB-4225-AC8D-DD2A45F78494}.Debug|Any CPU.Build.0 = Debug|Any CPU
		{BC7F25CF-1CEB-4225-AC8D-DD2A45F78494}.Debug|x64.ActiveCfg = Debug|Any CPU
		{BC7F25CF-1CEB-4225-AC8D-DD2A45F78494}.Debug|x64.Build.0 = Debug|Any CPU
		{BC7F25CF-1CEB-4225-AC8D-DD2A45F78494}.Debug|x86.ActiveCfg = Debug|Any CPU
		{BC7F25CF-1CEB-4225-AC8D-DD2A45F78494}.Debug|x86.Build.0 = Debug|Any CPU
		{BC7F25CF-1CEB-4225-AC8D-DD2A45F78494}.Release|Any CPU.ActiveCfg = Release|Any CPU
		{BC7F25CF-1CEB-4225-AC8D-DD2A45F78494}.Release|Any CPU.Build.0 = Release|Any CPU
		{BC7F25CF-1CEB-4225-AC8D-DD2A45F78494}.Release|x64.ActiveCfg = Release|Any CPU
		{BC7F25CF-1CEB-4225-AC8D-DD2A45F78494}.Release|x64.Build.0 = Release|Any CPU
		{BC7F25CF-1CEB-4225-AC8D-DD2A45F78494}.Release|x86.ActiveCfg = Release|Any CPU
		{BC7F25CF-1CEB-4225-AC8D-DD2A45F78494}.Release|x86.Build.0 = Release|Any CPU
		{7720013B-A333-4FAA-BDFC-072EAF1784C3}.Debug|Any CPU.ActiveCfg = Debug|Any CPU
		{7720013B-A333-4FAA-BDFC-072EAF1784C3}.Debug|Any CPU.Build.0 = Debug|Any CPU
		{7720013B-A333-4FAA-BDFC-072EAF1784C3}.Debug|x64.ActiveCfg = Debug|Any CPU
		{7720013B-A333-4FAA-BDFC-072EAF1784C3}.Debug|x64.Build.0 = Debug|Any CPU
		{7720013B-A333-4FAA-BDFC-072EAF1784C3}.Debug|x86.ActiveCfg = Debug|Any CPU
		{7720013B-A333-4FAA-BDFC-072EAF1784C3}.Debug|x86.Build.0 = Debug|Any CPU
		{7720013B-A333-4FAA-BDFC-072EAF1784C3}.Release|Any CPU.ActiveCfg = Release|Any CPU
		{7720013B-A333-4FAA-BDFC-072EAF1784C3}.Release|Any CPU.Build.0 = Release|Any CPU
		{7720013B-A333-4FAA-BDFC-072EAF1784C3}.Release|x64.ActiveCfg = Release|Any CPU
		{7720013B-A333-4FAA-BDFC-072EAF1784C3}.Release|x64.Build.0 = Release|Any CPU
		{7720013B-A333-4FAA-BDFC-072EAF1784C3}.Release|x86.ActiveCfg = Release|Any CPU
		{7720013B-A333-4FAA-BDFC-072EAF1784C3}.Release|x86.Build.0 = Release|Any CPU
		{9BA16D9A-D928-4121-B239-913837262EA2}.Debug|Any CPU.ActiveCfg = Debug|Any CPU
		{9BA16D9A-D928-4121-B239-913837262EA2}.Debug|Any CPU.Build.0 = Debug|Any CPU
		{9BA16D9A-D928-4121-B239-913837262EA2}.Debug|x64.ActiveCfg = Debug|Any CPU
		{9BA16D9A-D928-4121-B239-913837262EA2}.Debug|x64.Build.0 = Debug|Any CPU
		{9BA16D9A-D928-4121-B239-913837262EA2}.Debug|x86.ActiveCfg = Debug|Any CPU
		{9BA16D9A-D928-4121-B239-913837262EA2}.Debug|x86.Build.0 = Debug|Any CPU
		{9BA16D9A-D928-4121-B239-913837262EA2}.Release|Any CPU.ActiveCfg = Release|Any CPU
		{9BA16D9A-D928-4121-B239-913837262EA2}.Release|Any CPU.Build.0 = Release|Any CPU
		{9BA16D9A-D928-4121-B239-913837262EA2}.Release|x64.ActiveCfg = Release|Any CPU
		{9BA16D9A-D928-4121-B239-913837262EA2}.Release|x64.Build.0 = Release|Any CPU
		{9BA16D9A-D928-4121-B239-913837262EA2}.Release|x86.ActiveCfg = Release|Any CPU
		{9BA16D9A-D928-4121-B239-913837262EA2}.Release|x86.Build.0 = Release|Any CPU
		{4D3B188E-9C48-47D7-A1E2-6F6E6225CC2A}.Debug|Any CPU.ActiveCfg = Debug|Any CPU
		{4D3B188E-9C48-47D7-A1E2-6F6E6225CC2A}.Debug|Any CPU.Build.0 = Debug|Any CPU
		{4D3B188E-9C48-47D7-A1E2-6F6E6225CC2A}.Debug|x64.ActiveCfg = Debug|Any CPU
		{4D3B188E-9C48-47D7-A1E2-6F6E6225CC2A}.Debug|x64.Build.0 = Debug|Any CPU
		{4D3B188E-9C48-47D7-A1E2-6F6E6225CC2A}.Debug|x86.ActiveCfg = Debug|Any CPU
		{4D3B188E-9C48-47D7-A1E2-6F6E6225CC2A}.Debug|x86.Build.0 = Debug|Any CPU
		{4D3B188E-9C48-47D7-A1E2-6F6E6225CC2A}.Release|Any CPU.ActiveCfg = Release|Any CPU
		{4D3B188E-9C48-47D7-A1E2-6F6E6225CC2A}.Release|Any CPU.Build.0 = Release|Any CPU
		{4D3B188E-9C48-47D7-A1E2-6F6E6225CC2A}.Release|x64.ActiveCfg = Release|Any CPU
		{4D3B188E-9C48-47D7-A1E2-6F6E6225CC2A}.Release|x64.Build.0 = Release|Any CPU
		{4D3B188E-9C48-47D7-A1E2-6F6E6225CC2A}.Release|x86.ActiveCfg = Release|Any CPU
		{4D3B188E-9C48-47D7-A1E2-6F6E6225CC2A}.Release|x86.Build.0 = Release|Any CPU
		{E0AB587C-3B1A-4F75-A961-AEB6562A74D0}.Debug|Any CPU.ActiveCfg = Debug|Any CPU
		{E0AB587C-3B1A-4F75-A961-AEB6562A74D0}.Debug|Any CPU.Build.0 = Debug|Any CPU
		{E0AB587C-3B1A-4F75-A961-AEB6562A74D0}.Debug|x64.ActiveCfg = Debug|Any CPU
		{E0AB587C-3B1A-4F75-A961-AEB6562A74D0}.Debug|x64.Build.0 = Debug|Any CPU
		{E0AB587C-3B1A-4F75-A961-AEB6562A74D0}.Debug|x86.ActiveCfg = Debug|Any CPU
		{E0AB587C-3B1A-4F75-A961-AEB6562A74D0}.Debug|x86.Build.0 = Debug|Any CPU
		{E0AB587C-3B1A-4F75-A961-AEB6562A74D0}.Release|Any CPU.ActiveCfg = Release|Any CPU
		{E0AB587C-3B1A-4F75-A961-AEB6562A74D0}.Release|Any CPU.Build.0 = Release|Any CPU
		{E0AB587C-3B1A-4F75-A961-AEB6562A74D0}.Release|x64.ActiveCfg = Release|Any CPU
		{E0AB587C-3B1A-4F75-A961-AEB6562A74D0}.Release|x64.Build.0 = Release|Any CPU
		{E0AB587C-3B1A-4F75-A961-AEB6562A74D0}.Release|x86.ActiveCfg = Release|Any CPU
		{E0AB587C-3B1A-4F75-A961-AEB6562A74D0}.Release|x86.Build.0 = Release|Any CPU
	EndGlobalSection
	GlobalSection(SolutionProperties) = preSolution
		HideSolutionNode = FALSE
	EndGlobalSection
	GlobalSection(NestedProjects) = preSolution
		{0A3C3ED2-A877-4FFC-B04F-6DDE7D72A52C} = {827E0CD3-B72D-47B6-A68D-7590B98EB39B}
		{7720013B-A333-4FAA-BDFC-072EAF1784C3} = {827E0CD3-B72D-47B6-A68D-7590B98EB39B}
		{9BA16D9A-D928-4121-B239-913837262EA2} = {827E0CD3-B72D-47B6-A68D-7590B98EB39B}
		{4D3B188E-9C48-47D7-A1E2-6F6E6225CC2A} = {827E0CD3-B72D-47B6-A68D-7590B98EB39B}
		{E0AB587C-3B1A-4F75-A961-AEB6562A74D0} = {0AB3BF05-4346-4AA6-1389-037BE0695223}
	EndGlobalSection
EndGlobal
